
Microsoft Visual Studio Solution File, Format Version 12.00
# Visual Studio Version 17
VisualStudioVersion = 17.3.32819.101
MinimumVisualStudioVersion = 10.0.40219.1
Project("{FAE04EC0-301F-11D3-BF4B-00C04F79EFBC}") = "Расчет потерь на сетях водоснабжения", "Расчет потерь на сетях водоснабжения.csproj", "{2C5886CE-51FA-49C6-86DE-42FD3E37606E}"
EndProject
Global
	GlobalSection(SolutionConfigurationPlatforms) = preSolution
		Debug|Any CPU = Debug|Any CPU
		Release|Any CPU = Release|Any CPU
	EndGlobalSection
	GlobalSection(ProjectConfigurationPlatforms) = postSolution
		{2C5886CE-51FA-49C6-86DE-42FD3E37606E}.Debug|Any CPU.ActiveCfg = Debug|Any CPU
		{2C5886CE-51FA-49C6-86DE-42FD3E37606E}.Debug|Any CPU.Build.0 = Debug|Any CPU
		{2C5886CE-51FA-49C6-86DE-42FD3E37606E}.Release|Any CPU.ActiveCfg = Release|Any CPU
		{2C5886CE-51FA-49C6-86DE-42FD3E37606E}.Release|Any CPU.Build.0 = Release|Any CPU
	EndGlobalSection
	GlobalSection(SolutionProperties) = preSolution
		HideSolutionNode = FALSE
	EndGlobalSection
	GlobalSection(ExtensibilityGlobals) = postSolution
		SolutionGuid = {7F4BE89F-B455-4447-9E96-EB04F366470F}
	EndGlobalSection
EndGlobal
